Microsoft Visual Studio Solution File, Format Version 12.00
# Visual Studio Version 17
VisualStudioVersion = 17.10.35027.167
MinimumVisualStudioVersion = 10.0.40219.1
Project("{8BC9CEB8-8B4A-11D0-8D11-00A0C91BC942}") = "DOSServer", "DOSServer.vcxproj", "{AEC0761B-C686-4444-8CDF-57A764EB1089}"
EndProject
Global
	GlobalSection(SolutionConfigurationPlatforms) = preSolution
		Debug|x86 = Debug|x86
		Release|x86 = Release|x86
	EndGlobalSection
	GlobalSection(ProjectConfigurationPlatforms) = postSolution
		{AEC0761B-C686-4444-8CDF-57A764EB1089}.Debug|x86.ActiveCfg = Debug|Win32
		{AEC0761B-C686-4444-8CDF-57A764EB1089}.Debug|x86.Build.0 = Debug|Win32
		{AEC0761B-C686-4444-8CDF-57A764EB1089}.Release|x86.ActiveCfg = Release|Win32
		{AEC0761B-C686-4444-8CDF-57A764EB1089}.Release|x86.Build.0 = Release|Win32
	EndGlobalSection
	GlobalSection(SolutionProperties) = preSolution
		HideSolutionNode = FALSE
	EndGlobalSection
	GlobalSection(ExtensibilityGlobals) = postSolution
		SolutionGuid = {75DF6FDA-8DBB-4F2B-8308-173212A71F4C}
	EndGlobalSection
EndGlobal
